// !$*UTF8*$!
{
	archiveVersion = 1;
	classes = {
	};
	objectVersion = 56;
	objects = {

/* Begin PBXBuildFile section */
		36FE35002CD159080048B6CC /* ClimulesApp.swift in Sources */ = {isa = PBXBuildFile; fileRef = 36FE34FF2CD159080048B6CC /* ClimulesApp.swift */; };
		36FE35022CD159080048B6CC /* ContentView.swift in Sources */ = {isa = PBXBuildFile; fileRef = 36FE35012CD159080048B6CC /* ContentView.swift */; };
		36FE35042CD159090048B6CC /* Assets.xcassets in Resources */ = {isa = PBXBuildFile; fileRef = 36FE35032CD159090048B6CC /* Assets.xcassets */; };
		36FE35072CD159090048B6CC /* Preview Assets.xcassets in Resources */ = {isa = PBXBuildFile; fileRef = 36FE35062CD159090048B6CC /* Preview Assets.xcassets */; };
		36FE35112CD1590A0048B6CC /* ClimulesTests.swift in Sources */ = {isa = PBXBuildFile; fileRef = 36FE35102CD1590A0048B6CC /* ClimulesTests.swift */; };
		36FE351B2CD1590A0048B6CC /* ClimulesUITests.swift in Sources */ = {isa = PBXBuildFile; fileRef = 36FE351A2CD1590A0048B6CC /* ClimulesUITests.swift */; };
		36FE351D2CD1590A0048B6CC /* ClimulesUITestsLaunchTests.swift in Sources */ = {isa = PBXBuildFile; fileRef = 36FE351C2CD1590A0048B6CC /* ClimulesUITestsLaunchTests.swift */; };
/* End PBXBuildFile section */

/* Begin PBXContainerItemProxy section */
		36FE350D2CD1590A0048B6CC /* PBXContainerItemProxy */ = {
			isa = PBXContainerItemProxy;
			containerPortal = 36FE34F42CD159080048B6CC /* Project object */;
			proxyType = 1;
			remoteGlobalIDString = 36FE34FB2CD159080048B6CC;
			remoteInfo = Climules;
		};
		36FE35172CD1590A0048B6CC /* PBXContainerItemProxy */ = {
			isa = PBXContainerItemProxy;
			containerPortal = 36FE34F42CD159080048B6CC /* Project object */;
			proxyType = 1;
			remoteGlobalIDString = 36FE34FB2CD159080048B6CC;
			remoteInfo = Climules;
		};
/* End PBXContainerItemProxy section */

/* Begin PBXFileReference section */
		36FE34FC2CD159080048B6CC /* Climules.app */ = {isa = PBXFileReference; explicitFileType = wrapper.application; includeInIndex = 0; path = Climules.app; sourceTree = BUILT_PRODUCTS_DIR; };
		36FE34FF2CD159080048B6CC /* ClimulesApp.swift */ = {isa = PBXFileReference; lastKnownFileType = sourcecode.swift; path = ClimulesApp.swift; sourceTree = "<group>"; };
		36FE35012CD159080048B6CC /* ContentView.swift */ = {isa = PBXFileReference; lastKnownFileType = sourcecode.swift; path = ContentView.swift; sourceTree = "<group>"; };
		36FE35032CD159090048B6CC /* Assets.xcassets */ = {isa = PBXFileReference; lastKnownFileType = folder.assetcatalog; path = Assets.xcassets; sourceTree = "<group>"; };
		36FE35062CD159090048B6CC /* Preview Assets.xcassets */ = {isa = PBXFileReference; lastKnownFileType = folder.assetcatalog; path = "Preview Assets.xcassets"; sourceTree = "<group>"; };
		36FE350C2CD1590A0048B6CC /* ClimulesTests.xctest */ = {isa = PBXFileReference; explicitFileType = wrapper.cfbundle; includeInIndex = 0; path = ClimulesTests.xctest; sourceTree = BUILT_PRODUCTS_DIR; };
		36FE35102CD1590A0048B6CC /* ClimulesTests.swift */ = {isa = PBXFileReference; lastKnownFileType = sourcecode.swift; path = ClimulesTests.swift; sourceTree = "<group>"; };
		36FE35162CD1590A0048B6CC /* ClimulesUITests.xctest */ = {isa = PBXFileReference; explicitFileType = wrapper.cfbundle; includeInIndex = 0; path = ClimulesUITests.xctest; sourceTree = BUILT_PRODUCTS_DIR; };
		36FE351A2CD1590A0048B6CC /* ClimulesUITests.swift */ = {isa = PBXFileReference; lastKnownFileType = sourcecode.swift; path = ClimulesUITests.swift; sourceTree = "<group>"; };
		36FE351C2CD1590A0048B6CC /* ClimulesUITestsLaunchTests.swift */ = {isa = PBXFileReference; lastKnownFileType = sourcecode.swift; path = ClimulesUITestsLaunchTests.swift; sourceTree = "<group>"; };
/* End PBXFileReference section */

/* Begin PBXFrameworksBuildPhase section */
		36FE34F92CD159080048B6CC /* Frameworks */ = {
			isa = PBXFrameworksBuildPhase;
			buildActionMask = 2147483647;
			files = (
			);
			runOnlyForDeploymentPostprocessing = 0;
		};
		36FE35092CD1590A0048B6CC /* Frameworks */ = {
			isa = PBXFrameworksBuildPhase;
			buildActionMask = 2147483647;
			files = (
			);
			runOnlyForDeploymentPostprocessing = 0;
		};
		36FE35132CD1590A0048B6CC /* Frameworks */ = {
			isa = PBXFrameworksBuildPhase;
			buildActionMask = 2147483647;
			files = (
			);
			runOnlyForDeploymentPostprocessing = 0;
		};
/* End PBXFrameworksBuildPhase section */

/* Begin PBXGroup section */
		36FE34F32CD159080048B6CC = {
			isa = PBXGroup;
			children = (
				36FE34FE2CD159080048B6CC /* Climules */,
				36FE350F2CD1590A0048B6CC /* ClimulesTests */,
				36FE35192CD1590A0048B6CC /* ClimulesUITests */,
				36FE34FD2CD159080048B6CC /* Products */,
			);
			sourceTree = "<group>";
		};
		36FE34FD2CD159080048B6CC /* Products */ = {
			isa = PBXGroup;
			children = (
				36FE34FC2CD159080048B6CC /* Climules.app */,
				36FE350C2CD1590A0048B6CC /* ClimulesTests.xctest */,
				36FE35162CD1590A0048B6CC /* ClimulesUITests.xctest */,
			);
			name = Products;
			sourceTree = "<group>";
		};
		36FE34FE2CD159080048B6CC /* Climules */ = {
			isa = PBXGroup;
			children = (
				36FE34FF2CD159080048B6CC /* ClimulesApp.swift */,
				36FE35012CD159080048B6CC /* ContentView.swift */,
				36FE35032CD159090048B6CC /* Assets.xcassets */,
				36FE35052CD159090048B6CC /* Preview Content */,
			);
			path = Climules;
			sourceTree = "<group>";
		};
		36FE35052CD159090048B6CC /* Preview Content */ = {
			isa = PBXGroup;
			children = (
				36FE35062CD159090048B6CC /* Preview Assets.xcassets */,
			);
			path = "Preview Content";
			sourceTree = "<group>";
		};
		36FE350F2CD1590A0048B6CC /* ClimulesTests */ = {
			isa = PBXGroup;
			children = (
				36FE35102CD1590A0048B6CC /* ClimulesTests.swift */,
			);
			path = ClimulesTests;
			sourceTree = "<group>";
		};
		36FE35192CD1590A0048B6CC /* ClimulesUITests */ = {
			isa = PBXGroup;
			children = (
				36FE351A2CD1590A0048B6CC /* ClimulesUITests.swift */,
				36FE351C2CD1590A0048B6CC /* ClimulesUITestsLaunchTests.swift */,
			);
			path = ClimulesUITests;
			sourceTree = "<group>";
		};
/* End PBXGroup section */

/* Begin PBXNativeTarget section */
		36FE34FB2CD159080048B6CC /* Climules */ = {
			isa = PBXNativeTarget;
			buildConfigurationList = 36FE35202CD1590A0048B6CC /* Build configuration list for PBXNativeTarget "Climules" */;
			buildPhases = (
				36FE34F82CD159080048B6CC /* Sources */,
				36FE34F92CD159080048B6CC /* Frameworks */,
				36FE34FA2CD159080048B6CC /* Resources */,
			);
			buildRules = (
			);
			dependencies = (
			);
			name = Climules;
			productName = Climules;
			productReference = 36FE34FC2CD159080048B6CC /* Climules.app */;
			productType = "com.apple.product-type.application";
		};
		36FE350B2CD1590A0048B6CC /* ClimulesTests */ = {
			isa = PBXNativeTarget;
			buildConfigurationList = 36FE35232CD1590A0048B6CC /* Build configuration list for PBXNativeTarget "ClimulesTests" */;
			buildPhases = (
				36FE35082CD1590A0048B6CC /* Sources */,
				36FE35092CD1590A0048B6CC /* Frameworks */,
				36FE350A2CD1590A0048B6CC /* Resources */,
			);
			buildRules = (
			);
			dependencies = (
				36FE350E2CD1590A0048B6CC /* PBXTargetDependency */,
			);
			name = ClimulesTests;
			productName = ClimulesTests;
			productReference = 36FE350C2CD1590A0048B6CC /* ClimulesTests.xctest */;
			productType = "com.apple.product-type.bundle.unit-test";
		};
		36FE35152CD1590A0048B6CC /* ClimulesUITests */ = {
			isa = PBXNativeTarget;
			buildConfigurationList = 36FE35262CD1590A0048B6CC /* Build configuration list for PBXNativeTarget "ClimulesUITests" */;
			buildPhases = (
				36FE35122CD1590A0048B6CC /* Sources */,
				36FE35132CD1590A0048B6CC /* Frameworks */,
				36FE35142CD1590A0048B6CC /* Resources */,
			);
			buildRules = (
			);
			dependencies = (
				36FE35182CD1590A0048B6CC /* PBXTargetDependency */,
			);
			name = ClimulesUITests;
			productName = ClimulesUITests;
			productReference = 36FE35162CD1590A0048B6CC /* ClimulesUITests.xctest */;
			productType = "com.apple.product-type.bundle.ui-testing";
		};
/* End PBXNativeTarget section */

/* Begin PBXProject section */
		36FE34F42CD159080048B6CC /* Project object */ = {
			isa = PBXProject;
			attributes = {
				BuildIndependentTargetsInParallel = 1;
				LastSwiftUpdateCheck = 1540;
				LastUpgradeCheck = 1540;
				TargetAttributes = {
					36FE34FB2CD159080048B6CC = {
						CreatedOnToolsVersion = 15.4;
					};
					36FE350B2CD1590A0048B6CC = {
						CreatedOnToolsVersion = 15.4;
						TestTargetID = 36FE34FB2CD159080048B6CC;
					};
					36FE35152CD1590A0048B6CC = {
						CreatedOnToolsVersion = 15.4;
						TestTargetID = 36FE34FB2CD159080048B6CC;
					};
				};
			};
			buildConfigurationList = 36FE34F72CD159080048B6CC /* Build configuration list for PBXProject "Climules" */;
			compatibilityVersion = "Xcode 14.0";
			developmentRegion = en;
			hasScannedForEncodings = 0;
			knownRegions = (
				en,
				Base,
			);
			mainGroup = 36FE34F32CD159080048B6CC;
			productRefGroup = 36FE34FD2CD159080048B6CC /* Products */;
			projectDirPath = "";
			projectRoot = "";
			targets = (
				36FE34FB2CD159080048B6CC /* Climules */,
				36FE350B2CD1590A0048B6CC /* ClimulesTests */,
				36FE35152CD1590A0048B6CC /* ClimulesUITests */,
			);
		};
/* End PBXProject section */

/* Begin PBXResourcesBuildPhase section */
		36FE34FA2CD159080048B6CC /* Resources */ = {
			isa = PBXResourcesBuildPhase;
			buildActionMask = 2147483647;
			files = (
				36FE35072CD159090048B6CC /* Preview Assets.xcassets in Resources */,
				36FE35042CD159090048B6CC /* Assets.xcassets in Resources */,
			);
			runOnlyForDeploymentPostprocessing = 0;
		};
		36FE350A2CD1590A0048B6CC /* Resources */ = {
			isa = PBXResourcesBuildPhase;
			buildActionMask = 2147483647;
			files = (
			);
			runOnlyForDeploymentPostprocessing = 0;
		};
		36FE35142CD1590A0048B6CC /* Resources */ = {
			isa = PBXResourcesBuildPhase;
			buildActionMask = 2147483647;
			files = (
			);
			runOnlyForDeploymentPostprocessing = 0;
		};
/* End PBXResourcesBuildPhase section */

/* Begin PBXSourcesBuildPhase section */
		36FE34F82CD159080048B6CC /* Sources */ = {
			isa = PBXSourcesBuildPhase;
			buildActionMask = 2147483647;
			files = (
				36FE35022CD159080048B6CC /* ContentView.swift in Sources */,
				36FE35002CD159080048B6CC /* ClimulesApp.swift in Sources */,
			);
			runOnlyForDeploymentPostprocessing = 0;
		};
		36FE35082CD1590A0048B6CC /* Sources */ = {
			isa = PBXSourcesBuildPhase;
			buildActionMask = 2147483647;
			files = (
				36FE35112CD1590A0048B6CC /* ClimulesTests.swift in Sources */,
			);
			runOnlyForDeploymentPostprocessing = 0;
		};
		36FE35122CD1590A0048B6CC /* Sources */ = {
			isa = PBXSourcesBuildPhase;
			buildActionMask = 2147483647;
			files = (
				36FE351D2CD1590A0048B6CC /* ClimulesUITestsLaunchTests.swift in Sources */,
				36FE351B2CD1590A0048B6CC /* ClimulesUITests.swift in Sources */,
			);
			runOnlyForDeploymentPostprocessing = 0;
		};
/* End PBXSourcesBuildPhase section */

/* Begin PBXTargetDependency section */
		36FE350E2CD1590A0048B6CC /* PBXTargetDependency */ = {
			isa = PBXTargetDependency;
			target = 36FE34FB2CD159080048B6CC /* Climules */;
			targetProxy = 36FE350D2CD1590A0048B6CC /* PBXContainerItemProxy */;
		};
		36FE35182CD1590A0048B6CC /* PBXTargetDependency */ = {
			isa = PBXTargetDependency;
			target = 36FE34FB2CD159080048B6CC /* Climules */;
			targetProxy = 36FE35172CD1590A0048B6CC /* PBXContainerItemProxy */;
		};
/* End PBXTargetDependency section */

/* Begin XCBuildConfiguration section */
		36FE351E2CD1590A0048B6CC /* Debug */ = {
			isa = XCBuildConfiguration;
			buildSettings = {
				ALWAYS_SEARCH_USER_PATHS = NO;
				ASSETCATALOG_COMPILER_GENERATE_SWIFT_ASSET_SYMBOL_EXTENSIONS = YES;
				CLANG_ANALYZER_NONNULL = YES;
				CLANG_ANALYZER_NUMBER_OBJECT_CONVERSION = YES_AGGRESSIVE;
				CLANG_CXX_LANGUAGE_STANDARD = "gnu++20";
				CLANG_ENABLE_MODULES = YES;
				CLANG_ENABLE_OBJC_ARC = YES;
				CLANG_ENABLE_OBJC_WEAK = YES;
				CLANG_WARN_BLOCK_CAPTURE_AUTORELEASING = YES;
				CLANG_WARN_BOOL_CONVERSION = YES;
				CLANG_WARN_COMMA = YES;
				CLANG_WARN_CONSTANT_CONVERSION = YES;
				CLANG_WARN_DEPRECATED_OBJC_IMPLEMENTATIONS = YES;
				CLANG_WARN_DIRECT_OBJC_ISA_USAGE = YES_ERROR;
				CLANG_WARN_DOCUMENTATION_COMMENTS = YES;
				CLANG_WARN_EMPTY_BODY = YES;
				CLANG_WARN_ENUM_CONVERSION = YES;
				CLANG_WARN_INFINITE_RECURSION = YES;
				CLANG_WARN_INT_CONVERSION = YES;
				CLANG_WARN_NON_LITERAL_NULL_CONVERSION = YES;
				CLANG_WARN_OBJC_IMPLICIT_RETAIN_SELF = YES;
				CLANG_WARN_OBJC_LITERAL_CONVERSION = YES;
				CLANG_WARN_OBJC_ROOT_CLASS = YES_ERROR;
				CLANG_WARN_QUOTED_INCLUDE_IN_FRAMEWORK_HEADER = YES;
				CLANG_WARN_RANGE_LOOP_ANALYSIS = YES;
				CLANG_WARN_STRICT_PROTOTYPES = YES;
				CLANG_WARN_SUSPICIOUS_MOVE = YES;
				CLANG_WARN_UNGUARDED_AVAILABILITY = YES_AGGRESSIVE;
				CLANG_WARN_UNREACHABLE_CODE = YES;
				CLANG_WARN__DUPLICATE_METHOD_MATCH = YES;
				COPY_PHASE_STRIP = NO;
				DEBUG_INFORMATION_FORMAT = dwarf;
				ENABLE_STRICT_OBJC_MSGSEND = YES;
				ENABLE_TESTABILITY = YES;
				ENABLE_USER_SCRIPT_SANDBOXING = YES;
				GCC_C_LANGUAGE_STANDARD = gnu17;
				GCC_DYNAMIC_NO_PIC = NO;
				GCC_NO_COMMON_BLOCKS = YES;
				GCC_OPTIMIZATION_LEVEL = 0;
				GCC_PREPROCESSOR_DEFINITIONS = (
					"DEBUG=1",
					"$(inherited)",
				);
				GCC_WARN_64_TO_32_BIT_CONVERSION = YES;
				GCC_WARN_ABOUT_RETURN_TYPE = YES_ERROR;
				GCC_WARN_UNDECLARED_SELECTOR = YES;
				GCC_WARN_UNINITIALIZED_AUTOS = YES_AGGRESSIVE;
				GCC_WARN_UNUSED_FUNCTION = YES;
				GCC_WARN_UNUSED_VARIABLE = YES;
				IPHONEOS_DEPLOYMENT_TARGET = 17.5;
				LOCALIZATION_PREFERS_STRING_CATALOGS = YES;
				MTL_ENABLE_DEBUG_INFO = INCLUDE_SOURCE;
				MTL_FAST_MATH = YES;
				ONLY_ACTIVE_ARCH = YES;
				SDKROOT = iphoneos;
				SWIFT_ACTIVE_COMPILATION_CONDITIONS = "DEBUG $(inherited)";
				SWIFT_OPTIMIZATION_LEVEL = "-Onone";
			};
			name = Debug;
		};
		36FE351F2CD1590A0048B6CC /* Release */ = {
			isa = XCBuildConfiguration;
			buildSettings = {
				ALWAYS_SEARCH_USER_PATHS = NO;
				ASSETCATALOG_COMPILER_GENERATE_SWIFT_ASSET_SYMBOL_EXTENSIONS = YES;
				CLANG_ANALYZER_NONNULL = YES;
				CLANG_ANALYZER_NUMBER_OBJECT_CONVERSION = YES_AGGRESSIVE;
				CLANG_CXX_LANGUAGE_STANDARD = "gnu++20";
				CLANG_ENABLE_MODULES = YES;
				CLANG_ENABLE_OBJC_ARC = YES;
				CLANG_ENABLE_OBJC_WEAK = YES;
				CLANG_WARN_BLOCK_CAPTURE_AUTORELEASING = YES;
				CLANG_WARN_BOOL_CONVERSION = YES;
				CLANG_WARN_COMMA = YES;
				CLANG_WARN_CONSTANT_CONVERSION = YES;
				CLANG_WARN_DEPRECATED_OBJC_IMPLEMENTATIONS = YES;
				CLANG_WARN_DIRECT_OBJC_ISA_USAGE = YES_ERROR;
				CLANG_WARN_DOCUMENTATION_COMMENTS = YES;
				CLANG_WARN_EMPTY_BODY = YES;
				CLANG_WARN_ENUM_CONVERSION = YES;
				CLANG_WARN_INFINITE_RECURSION = YES;
				CLANG_WARN_INT_CONVERSION = YES;
				CLANG_WARN_NON_LITERAL_NULL_CONVERSION = YES;
				CLANG_WARN_OBJC_IMPLICIT_RETAIN_SELF = YES;
				CLANG_WARN_OBJC_LITERAL_CONVERSION = YES;
				CLANG_WARN_OBJC_ROOT_CLASS = YES_ERROR;
				CLANG_WARN_QUOTED_INCLUDE_IN_FRAMEWORK_HEADER = YES;
				CLANG_WARN_RANGE_LOOP_ANALYSIS = YES;
				CLANG_WARN_STRICT_PROTOTYPES = YES;
				CLANG_WARN_SUSPICIOUS_MOVE = YES;
				CLANG_WARN_UNGUARDED_AVAILABILITY = YES_AGGRESSIVE;
				CLANG_WARN_UNREACHABLE_CODE = YES;
				CLANG_WARN__DUPLICATE_METHOD_MATCH = YES;
				COPY_PHASE_STRIP = NO;
				DEBUG_INFORMATION_FORMAT = "dwarf-with-dsym";
				ENABLE_NS_ASSERTIONS = NO;
				ENABLE_STRICT_OBJC_MSGSEND = YES;
				ENABLE_USER_SCRIPT_SANDBOXING = YES;
				GCC_C_LANGUAGE_STANDARD = gnu17;
				GCC_NO_COMMON_BLOCKS = YES;
				GCC_WARN_64_TO_32_BIT_CONVERSION = YES;
				GCC_WARN_ABOUT_RETURN_TYPE = YES_ERROR;
				GCC_WARN_UNDECLARED_SELECTOR = YES;
				GCC_WARN_UNINITIALIZED_AUTOS = YES_AGGRESSIVE;
				GCC_WARN_UNUSED_FUNCTION = YES;
				GCC_WARN_UNUSED_VARIABLE = YES;
				IPHONEOS_DEPLOYMENT_TARGET = 17.5;
				LOCALIZATION_PREFERS_STRING_CATALOGS = YES;
				MTL_ENABLE_DEBUG_INFO = NO;
				MTL_FAST_MATH = YES;
				SDKROOT = iphoneos;
				SWIFT_COMPILATION_MODE = wholemodule;
				VALIDATE_PRODUCT = YES;
			};
			name = Release;
		};
		36FE35212CD1590A0048B6CC /* Debug */ = {
			isa = XCBuildConfiguration;
			buildSettings = {
				ASSETCATALOG_COMPILER_APPICON_NAME = AppIcon;
				ASSETCATALOG_COMPILER_GLOBAL_ACCENT_COLOR_NAME = AccentColor;
				CODE_SIGN_STYLE = Automatic;
				CURRENT_PROJECT_VERSION = 1;
				DEVELOPMENT_ASSET_PATHS = "\"Climules/Preview Content\"";
				DEVELOPMENT_TEAM = J89Q4HG7W4;
				ENABLE_PREVIEWS = YES;
				GENERATE_INFOPLIST_FILE = YES;
				INFOPLIST_KEY_UIApplicationSceneManifest_Generation = YES;
				INFOPLIST_KEY_UIApplicationSupportsIndirectInputEvents = YES;
				INFOPLIST_KEY_UILaunchScreen_Generation = YES;
				INFOPLIST_KEY_UISupportedInterfaceOrientations_iPad = "UIInterfaceOrientationPortrait UIInterfaceOrientationPortraitUpsideDown UIInterfaceOrientationLandscapeLeft UIInterfaceOrientationLandscapeRight";
				INFOPLIST_KEY_UISupportedInterfaceOrientations_iPhone = "UIInterfaceOrientationPortrait UIInterfaceOrientationLandscapeLeft UIInterfaceOrientationLandscapeRight";
				LD_RUNPATH_SEARCH_PATHS = (
					"$(inherited)",
					"@executable_path/Frameworks",
				);
				MARKETING_VERSION = 1.0;
				PRODUCT_BUNDLE_IDENTIFIER = name.aidankwok.Climules;
				PRODUCT_NAME = "$(TARGET_NAME)";
				SWIFT_EMIT_LOC_STRINGS = YES;
				SWIFT_VERSION = 5.0;
				TARGETED_DEVICE_FAMILY = "1,2";
			};
			name = Debug;
		};
		36FE35222CD1590A0048B6CC /* Release */ = {
			isa = XCBuildConfiguration;
			buildSettings = {
				ASSETCATALOG_COMPILER_APPICON_NAME = AppIcon;
				ASSETCATALOG_COMPILER_GLOBAL_ACCENT_COLOR_NAME = AccentColor;
				CODE_SIGN_STYLE = Automatic;
				CURRENT_PROJECT_VERSION = 1;
				DEVELOPMENT_ASSET_PATHS = "\"Climules/Preview Content\"";
				DEVELOPMENT_TEAM = J89Q4HG7W4;
				ENABLE_PREVIEWS = YES;
				GENERATE_INFOPLIST_FILE = YES;
				INFOPLIST_KEY_UIApplicationSceneManifest_Generation = YES;
				INFOPLIST_KEY_UIApplicationSupportsIndirectInputEvents = YES;
				INFOPLIST_KEY_UILaunchScreen_Generation = YES;
				INFOPLIST_KEY_UISupportedInterfaceOrientations_iPad = "UIInterfaceOrientationPortrait UIInterfaceOrientationPortraitUpsideDown UIInterfaceOrientationLandscapeLeft UIInterfaceOrientationLandscapeRight";
				INFOPLIST_KEY_UISupportedInterfaceOrientations_iPhone = "UIInterfaceOrientationPortrait UIInterfaceOrientationLandscapeLeft UIInterfaceOrientationLandscapeRight";
				LD_RUNPATH_SEARCH_PATHS = (
					"$(inherited)",
					"@executable_path/Frameworks",
				);
				MARKETING_VERSION = 1.0;
				PRODUCT_BUNDLE_IDENTIFIER = name.aidankwok.Climules;
				PRODUCT_NAME = "$(TARGET_NAME)";
				SWIFT_EMIT_LOC_STRINGS = YES;
				SWIFT_VERSION = 5.0;
				TARGETED_DEVICE_FAMILY = "1,2";
			};
			name = Release;
		};
		36FE35242CD1590A0048B6CC /* Debug */ = {
			isa = XCBuildConfiguration;
			buildSettings = {
				ALWAYS_EMBED_SWIFT_STANDARD_LIBRARIES = YES;
				BUNDLE_LOADER = "$(TEST_HOST)";
				CODE_SIGN_STYLE = Automatic;
				CURRENT_PROJECT_VERSION = 1;
				DEVELOPMENT_TEAM = J89Q4HG7W4;
				GENERATE_INFOPLIST_FILE = YES;
				IPHONEOS_DEPLOYMENT_TARGET = 17.5;
				MARKETING_VERSION = 1.0;
				PRODUCT_BUNDLE_IDENTIFIER = name.aidankwok.ClimulesTests;
				PRODUCT_NAME = "$(TARGET_NAME)";
				SWIFT_EMIT_LOC_STRINGS = NO;
				SWIFT_VERSION = 5.0;
				TARGETED_DEVICE_FAMILY = "1,2";
				TEST_HOST = "$(BUILT_PRODUCTS_DIR)/Climules.app/$(BUNDLE_EXECUTABLE_FOLDER_PATH)/Climules";
			};
			name = Debug;
		};
		36FE35252CD1590A0048B6CC /* Release */ = {
			isa = XCBuildConfiguration;
			buildSettings = {
				ALWAYS_EMBED_SWIFT_STANDARD_LIBRARIES = YES;
				BUNDLE_LOADER = "$(TEST_HOST)";
				CODE_SIGN_STYLE = Automatic;
				CURRENT_PROJECT_VERSION = 1;
				DEVELOPMENT_TEAM = J89Q4HG7W4;
				GENERATE_INFOPLIST_FILE = YES;
				IPHONEOS_DEPLOYMENT_TARGET = 17.5;
				MARKETING_VERSION = 1.0;
				PRODUCT_BUNDLE_IDENTIFIER = name.aidankwok.ClimulesTests;
				PRODUCT_NAME = "$(TARGET_NAME)";
				SWIFT_EMIT_LOC_STRINGS = NO;
				SWIFT_VERSION = 5.0;
				TARGETED_DEVICE_FAMILY = "1,2";
				TEST_HOST = "$(BUILT_PRODUCTS_DIR)/Climules.app/$(BUNDLE_EXECUTABLE_FOLDER_PATH)/Climules";
			};
			name = Release;
		};
		36FE35272CD1590A0048B6CC /* Debug */ = {
			isa = XCBuildConfiguration;
			buildSettings = {
				ALWAYS_EMBED_SWIFT_STANDARD_LIBRARIES = YES;
				CODE_SIGN_STYLE = Automatic;
				CURRENT_PROJECT_VERSION = 1;
				DEVELOPMENT_TEAM = J89Q4HG7W4;
				GENERATE_INFOPLIST_FILE = YES;
				MARKETING_VERSION = 1.0;
				PRODUCT_BUNDLE_IDENTIFIER = name.aidankwok.ClimulesUITests;
				PRODUCT_NAME = "$(TARGET_NAME)";
				SWIFT_EMIT_LOC_STRINGS = NO;
				SWIFT_VERSION = 5.0;
				TARGETED_DEVICE_FAMILY = "1,2";
				TEST_TARGET_NAME = Climules;
			};
			name = Debug;
		};
		36FE35282CD1590A0048B6CC /* Release */ = {
			isa = XCBuildConfiguration;
			buildSettings = {
				ALWAYS_EMBED_SWIFT_STANDARD_LIBRARIES = YES;
				CODE_SIGN_STYLE = Automatic;
				CURRENT_PROJECT_VERSION = 1;
				DEVELOPMENT_TEAM = J89Q4HG7W4;
				GENERATE_INFOPLIST_FILE = YES;
				MARKETING_VERSION = 1.0;
				PRODUCT_BUNDLE_IDENTIFIER = name.aidankwok.ClimulesUITests;
				PRODUCT_NAME = "$(TARGET_NAME)";
				SWIFT_EMIT_LOC_STRINGS = NO;
				SWIFT_VERSION = 5.0;
				TARGETED_DEVICE_FAMILY = "1,2";
				TEST_TARGET_NAME = Climules;
			};
			name = Release;
		};
/* End XCBuildConfiguration section */

/* Begin XCConfigurationList section */
		36FE34F72CD159080048B6CC /* Build configuration list for PBXProject "Climules" */ = {
			isa = XCConfigurationList;
			buildConfigurations = (
				36FE351E2CD1590A0048B6CC /* Debug */,
				36FE351F2CD1590A0048B6CC /* Release */,
			);
			defaultConfigurationIsVisible = 0;
			defaultConfigurationName = Release;
		};
		36FE35202CD1590A0048B6CC /* Build configuration list for PBXNativeTarget "Climules" */ = {
			isa = XCConfigurationList;
			buildConfigurations = (
				36FE35212CD1590A0048B6CC /* Debug */,
				36FE35222CD1590A0048B6CC /* Release */,
			);
			defaultConfigurationIsVisible = 0;
			defaultConfigurationName = Release;
		};
		36FE35232CD1590A0048B6CC /* Build configuration list for PBXNativeTarget "ClimulesTests" */ = {
			isa = XCConfigurationList;
			buildConfigurations = (
				36FE35242CD1590A0048B6CC /* Debug */,
				36FE35252CD1590A0048B6CC /* Release */,
			);
			defaultConfigurationIsVisible = 0;
			defaultConfigurationName = Release;
		};
		36FE35262CD1590A0048B6CC /* Build configuration list for PBXNativeTarget "ClimulesUITests" */ = {
			isa = XCConfigurationList;
			buildConfigurations = (
				36FE35272CD1590A0048B6CC /* Debug */,
				36FE35282CD1590A0048B6CC /* Release */,
			);
			defaultConfigurationIsVisible = 0;
			defaultConfigurationName = Release;
		};
/* End XCConfigurationList section */
	};
	rootObject = 36FE34F42CD159080048B6CC /* Project object */;
}
